
Microsoft Visual Studio Solution File, Format Version 12.00
# Visual Studio Version 17
VisualStudioVersion = 17.8.34309.116
MinimumVisualStudioVersion = 10.0.40219.1
Project("{778DAE3C-4631-46EA-AA77-85C1314464D9}") = "MdlCrowbar", "Crowbar\MdlCrowbar.vbproj", "{1052E2AE-53EE-403F-AB42-B619670437AF}"
EndProject
Global
	GlobalSection(SolutionConfigurationPlatforms) = preSolution
		Debug|Any CPU = Debug|Any CPU
		Release|Any CPU = Release|Any CPU
	EndGlobalSection
	GlobalSection(ProjectConfigurationPlatforms) = postSolution
		{1052E2AE-53EE-403F-AB42-B619670437AF}.Debug|Any CPU.ActiveCfg = Debug|Any CPU
		{1052E2AE-53EE-403F-AB42-B619670437AF}.Debug|Any CPU.Build.0 = Debug|Any CPU
		{1052E2AE-53EE-403F-AB42-B619670437AF}.Release|Any CPU.ActiveCfg = Release|Any CPU
		{1052E2AE-53EE-403F-AB42-B619670437AF}.Release|Any CPU.Build.0 = Release|Any CPU
	EndGlobalSection
	GlobalSection(SolutionProperties) = preSolution
		HideSolutionNode = FALSE
	EndGlobalSection
	GlobalSection(ExtensibilityGlobals) = postSolution
		SolutionGuid = {554572F2-842E-44A4-9F56-F1684B016632}
	EndGlobalSection
EndGlobal
